
Microsoft Visual Studio Solution File, Format Version 12.00
# Visual Studio Version 17
VisualStudioVersion = 17.9.34714.143
MinimumVisualStudioVersion = 10.0.40219.1
Project("{FAE04EC0-301F-11D3-BF4B-00C04F79EFBC}") = "GexBot_QT", "GexBot_QT.csproj", "{3B8F5D17-68EE-4560-8335-FFFF3A928187}"
EndProject
Global
	GlobalSection(SolutionConfigurationPlatforms) = preSolution
		Debug|Any CPU = Debug|Any CPU
		Release|Any CPU = Release|Any CPU
	EndGlobalSection
	GlobalSection(ProjectConfigurationPlatforms) = postSolution
		{3B8F5D17-68EE-4560-8335-FFFF3A928187}.Debug|Any CPU.ActiveCfg = Debug|Any CPU
		{3B8F5D17-68EE-4560-8335-FFFF3A928187}.Debug|Any CPU.Build.0 = Debug|Any CPU
		{3B8F5D17-68EE-4560-8335-FFFF3A928187}.Release|Any CPU.ActiveCfg = Release|Any CPU
		{3B8F5D17-68EE-4560-8335-FFFF3A928187}.Release|Any CPU.Build.0 = Release|Any CPU
	EndGlobalSection
	GlobalSection(SolutionProperties) = preSolution
		HideSolutionNode = FALSE
	EndGlobalSection
	GlobalSection(ExtensibilityGlobals) = postSolution
		SolutionGuid = {64447596-44EF-402D-956E-84E57F3E0E9D}
	EndGlobalSection
EndGlobal
